
Microsoft Visual Studio Solution File, Format Version 12.00
# Visual Studio Version 17
VisualStudioVersion = 17.0.31912.275
MinimumVisualStudioVersion = 10.0.40219.1
Project("{FAE04EC0-301F-11D3-BF4B-00C04F79EFBC}") = "SoftBetaMxLogix", "SoftBetaMxLogix.csproj", "{1113A699-8B6E-4F06-8CB0-1748CCB026A8}"
EndProject
Global
	GlobalSection(SolutionConfigurationPlatforms) = preSolution
		Debug|Any CPU = Debug|Any CPU
		Release|Any CPU = Release|Any CPU
	EndGlobalSection
	GlobalSection(ProjectConfigurationPlatforms) = postSolution
		{1113A699-8B6E-4F06-8CB0-1748CCB026A8}.Debug|Any CPU.ActiveCfg = Debug|Any CPU
		{1113A699-8B6E-4F06-8CB0-1748CCB026A8}.Debug|Any CPU.Build.0 = Debug|Any CPU
		{1113A699-8B6E-4F06-8CB0-1748CCB026A8}.Release|Any CPU.ActiveCfg = Release|Any CPU
		{1113A699-8B6E-4F06-8CB0-1748CCB026A8}.Release|Any CPU.Build.0 = Release|Any CPU
	EndGlobalSection
	GlobalSection(SolutionProperties) = preSolution
		HideSolutionNode = FALSE
	EndGlobalSection
	GlobalSection(ExtensibilityGlobals) = postSolution
		SolutionGuid = {5871E30E-3264-4C96-BA3D-63E73882D4A2}
	EndGlobalSection
EndGlobal
